{
  "nodes": {
    "bcrypt": {
      "inputs": {
        "bcrypt-master": "bcrypt-master",
        "flakeNimbleLib": [
          "nmqtt",
          "flakeNimbleLib"
        ],
        "nixpkgs": [
          "nmqtt",
          "nixpkgs"
        ]
      },
      "locked": {
        "lastModified": 1648107298,
        "narHash": "sha256-QaZmK08bBTlKN46Ml+MfiWCmYWkSpBU7d9tVKFI8KV4=",
        "owner": "nim-nix-pkgs",
        "repo": "bcrypt",
        "rev": "3d1769419f6c06ca3b1f96484843c6f3dc377f23",
        "type": "github"
      },
      "original": {
        "owner": "nim-nix-pkgs",
        "ref": "master",
        "repo": "bcrypt",
        "type": "github"
      }
    },
    "bcrypt-master": {
      "inputs": {
        "flakeNimbleLib": [
          "nmqtt",
          "bcrypt",
          "flakeNimbleLib"
        ],
        "nixpkgs": [
          "nmqtt",
          "bcrypt",
          "nixpkgs"
        ],
        "src-bcrypt-master": "src-bcrypt-master"
      },
      "locked": {
        "dir": "master",
        "lastModified": 1648107298,
        "narHash": "sha256-QaZmK08bBTlKN46Ml+MfiWCmYWkSpBU7d9tVKFI8KV4=",
        "owner": "nim-nix-pkgs",
        "repo": "bcrypt",
        "rev": "3d1769419f6c06ca3b1f96484843c6f3dc377f23",
        "type": "github"
      },
      "original": {
        "dir": "master",
        "owner": "nim-nix-pkgs",
        "ref": "master",
        "repo": "bcrypt",
        "type": "github"
      }
    },
    "cligen": {
      "inputs": {
        "flakeNimbleLib": [
          "nmqtt",
          "flakeNimbleLib"
        ],
        "nixpkgs": [
          "nmqtt",
          "nixpkgs"
        ],
        "src-cligen-v1_5_23": "src-cligen-v1_5_23"
      },
      "locked": {
        "dir": "v1_5_23",
        "lastModified": 1648107380,
        "narHash": "sha256-B1ZpUo6Ntbyls2VdHX4bxbUAomLaXjF6f6w2PMQSLzU=",
        "owner": "nim-nix-pkgs",
        "repo": "cligen",
        "rev": "3a055a5251c7eca3176aa2106550c00d5972b4ce",
        "type": "github"
      },
      "original": {
        "dir": "v1_5_23",
        "owner": "nim-nix-pkgs",
        "ref": "master",
        "repo": "cligen",
        "type": "github"
      }
    },
    "flakeNimbleLib": {
      "inputs": {
        "nixpkgs": [
          "nixpkgs"
        ]
      },
      "locked": {
        "lastModified": 1648105061,
        "narHash": "sha256-Je25qNlH4xrH3+m6vIq6yPvdfQ80FRTwX4JOhrRLduc=",
        "owner": "riinr",
        "repo": "nim-flakes-lib",
        "rev": "f1ec5e2f15b9f717c33b6942ce7cb344ff868522",
        "type": "github"
      },
      "original": {
        "owner": "riinr",
        "ref": "master",
        "repo": "nim-flakes-lib",
        "type": "github"
      }
    },
    "nixpkgs": {
      "locked": {
        "narHash": "sha256-sK1Ow//80EKE3bAF5d+2gB8vPXw6m5TBk3wSLHvdVe0=",
        "path": "/nix/store/0yqgkbpmsk7ck4s34wk505sfdd9vils4-source",
        "type": "path"
      },
      "original": {
        "id": "nixpkgs",
        "type": "indirect"
      }
    },
    "nmqtt": {
      "inputs": {
        "bcrypt": "bcrypt",
        "cligen": "cligen",
        "flakeNimbleLib": [
          "flakeNimbleLib"
        ],
        "nixpkgs": [
          "nixpkgs"
        ],
        "src-nmqtt-v1_0_4": "src-nmqtt-v1_0_4"
      },
      "locked": {
        "dir": "v1_0_4",
        "lastModified": 1648110678,
        "narHash": "sha256-m/yJWhidoyCmmQNshpZGu3lFX/0GShYDDXOaHFbggY4=",
        "owner": "nim-nix-pkgs",
        "repo": "nmqtt",
        "rev": "ff1eb74f0fbda5a63d124d5e871f86f555affc5f",
        "type": "github"
      },
      "original": {
        "dir": "v1_0_4",
        "owner": "nim-nix-pkgs",
        "ref": "master",
        "repo": "nmqtt",
        "type": "github"
      }
    },
    "q": {
      "inputs": {
        "flakeNimbleLib": [
          "flakeNimbleLib"
        ],
        "nixpkgs": [
          "nixpkgs"
        ],
        "src-q-0_0_8": "src-q-0_0_8"
      },
      "locked": {
        "dir": "0_0_8",
        "lastModified": 1648108016,
        "narHash": "sha256-swFE0s1ql03ZEfPJGiDb7zWNjZqGKGsJoq2juDV5csQ=",
        "owner": "nim-nix-pkgs",
        "repo": "q",
        "rev": "81d599e98ea70cd1406ca5f7d4741d6bc09c6324",
        "type": "github"
      },
      "original": {
        "dir": "0_0_8",
        "owner": "nim-nix-pkgs",
        "ref": "master",
        "repo": "q",
        "type": "github"
      }
    },
    "root": {
      "inputs": {
        "flakeNimbleLib": "flakeNimbleLib",
        "nixpkgs": "nixpkgs",
        "nmqtt": "nmqtt",
        "q": "q",
        "src-nordnet-v0_0_1": "src-nordnet-v0_0_1"
      }
    },
    "src-bcrypt-master": {
      "flake": false,
      "locked": {
        "lastModified": 1539482757,
        "narHash": "sha256-W6dyGbWGTzadZqs3JNPs+V36xt5updsrDHBRjMOYZQo=",
        "owner": "ithkuil",
        "repo": "bcryptnim",
        "rev": "440c5676ff63ae1ba1bd7dae4c0682ba4b9c54b2",
        "type": "github"
      },
      "original": {
        "owner": "ithkuil",
        "ref": "refs/heads/master",
        "repo": "bcryptnim",
        "type": "github"
      }
    },
    "src-cligen-v1_5_23": {
      "flake": false,
      "locked": {
        "lastModified": 1647952908,
        "narHash": "sha256-rcledZbmcAXs0l5uQRmOennyMiw4G+zye6frGqksjyA=",
        "owner": "c-blake",
        "repo": "cligen",
        "rev": "cac47b08172978dad61d08debd0e68c3f249a3f7",
        "type": "github"
      },
      "original": {
        "owner": "c-blake",
        "ref": "refs/tags/v1.5.23",
        "repo": "cligen",
        "type": "github"
      }
    },
    "src-nmqtt-v1_0_4": {
      "flake": false,
      "locked": {
        "lastModified": 1602911403,
        "narHash": "sha256-rA6A8g91mJPlmNnoDKTVWl1B3rwZOZqCt42U87HvwK8=",
        "owner": "zevv",
        "repo": "nmqtt",
        "rev": "4791cba33a8170e14838b0dbc3e2d6e56059de80",
        "type": "github"
      },
      "original": {
        "owner": "zevv",
        "ref": "refs/tags/v1.0.4",
        "repo": "nmqtt",
        "type": "github"
      }
    },
    "src-nordnet-v0_0_1": {
      "flake": false,
      "locked": {
        "lastModified": 1584779045,
        "narHash": "sha256-/5P5p37AoN+S3K2CnqepPBuhFcs+wX3CemDHObfeZdM=",
        "owner": "ThomasTJdev",
        "repo": "nim_nordnet_api",
        "rev": "424b1748a7d3e2d6beb3919797774326abad1144",
        "type": "github"
      },
      "original": {
        "owner": "ThomasTJdev",
        "ref": "refs/tags/v0.0.1",
        "repo": "nim_nordnet_api",
        "type": "github"
      }
    },
    "src-q-0_0_8": {
      "flake": false,
      "locked": {
        "lastModified": 1642128133,
        "narHash": "sha256-juYoPW1pIizSNeEf203gs/3zm64iHxzV41fKFeSuqaY=",
        "owner": "OpenSystemsLab",
        "repo": "q.nim",
        "rev": "7931d15c8e5bbd50a3d1188fc95fd9fd347cb130",
        "type": "github"
      },
      "original": {
        "owner": "OpenSystemsLab",
        "ref": "refs/tags/0.0.8",
        "repo": "q.nim",
        "type": "github"
      }
    }
  },
  "root": "root",
  "version": 7
}
